
Microsoft Visual Studio Solution File, Format Version 12.00
# Visual Studio Version 17
VisualStudioVersion = 17.5.002.0
MinimumVisualStudioVersion = 10.0.40219.1
Project("{9A19103F-16F7-4668-BE54-9A1E7A4F7556}") = "C#CopyConstructors", "C#CopyConstructors.csproj", "{5EF77070-0610-4FA8-89C4-AF8DD0E7A551}"
EndProject
Global
	GlobalSection(SolutionConfigurationPlatforms) = preSolution
		Debug|Any CPU = Debug|Any CPU
		Release|Any CPU = Release|Any CPU
	EndGlobalSection
	GlobalSection(ProjectConfigurationPlatforms) = postSolution
		{5EF77070-0610-4FA8-89C4-AF8DD0E7A551}.Debug|Any CPU.ActiveCfg = Debug|Any CPU
		{5EF77070-0610-4FA8-89C4-AF8DD0E7A551}.Debug|Any CPU.Build.0 = Debug|Any CPU
		{5EF77070-0610-4FA8-89C4-AF8DD0E7A551}.Release|Any CPU.ActiveCfg = Release|Any CPU
		{5EF77070-0610-4FA8-89C4-AF8DD0E7A551}.Release|Any CPU.Build.0 = Release|Any CPU
	EndGlobalSection
	GlobalSection(SolutionProperties) = preSolution
		HideSolutionNode = FALSE
	EndGlobalSection
	GlobalSection(ExtensibilityGlobals) = postSolution
		SolutionGuid = {AB806DE4-A80A-452D-A836-4C2223A931D7}
	EndGlobalSection
EndGlobal
